
Microsoft Visual Studio Solution File, Format Version 12.00
# Visual Studio Version 16
VisualStudioVersion = 16.0.30804.86
MinimumVisualStudioVersion = 10.0.40219.1
Project("{FAE04EC0-301F-11D3-BF4B-00C04F79EFBC}") = "Madlibs game", "Madlibs game.csproj", "{EA440652-D2AA-4D30-BB7D-0390F243D894}"
EndProject
Global
	GlobalSection(SolutionConfigurationPlatforms) = preSolution
		Debug|Any CPU = Debug|Any CPU
		Release|Any CPU = Release|Any CPU
	EndGlobalSection
	GlobalSection(ProjectConfigurationPlatforms) = postSolution
		{EA440652-D2AA-4D30-BB7D-0390F243D894}.Debug|Any CPU.ActiveCfg = Debug|Any CPU
		{EA440652-D2AA-4D30-BB7D-0390F243D894}.Debug|Any CPU.Build.0 = Debug|Any CPU
		{EA440652-D2AA-4D30-BB7D-0390F243D894}.Release|Any CPU.ActiveCfg = Release|Any CPU
		{EA440652-D2AA-4D30-BB7D-0390F243D894}.Release|Any CPU.Build.0 = Release|Any CPU
	EndGlobalSection
	GlobalSection(SolutionProperties) = preSolution
		HideSolutionNode = FALSE
	EndGlobalSection
	GlobalSection(ExtensibilityGlobals) = postSolution
		SolutionGuid = {57DE15B2-4C18-4071-9DD9-C7333416CB9D}
	EndGlobalSection
EndGlobal
